// !$*UTF8*$!
{
	archiveVersion = 1;
	classes = {
	};
	objectVersion = 46;
	objects = {

/* Begin PBXBuildFile section */
		94190C5BDC1A63E61F3F4055 /* Pods_going_local.framework in Frameworks */ = {isa = PBXBuildFile; fileRef = D04F15AB12A4F784F167A7E0 /* Pods_going_local.framework */; };
		AA0AF1F81CB3D37A00862F06 /* FeedVC.swift in Sources */ = {isa = PBXBuildFile; fileRef = AA0AF1F71CB3D37A00862F06 /* FeedVC.swift */; };
		AA0AF1FA1CB3D41200862F06 /* PostCell.swift in Sources */ = {isa = PBXBuildFile; fileRef = AA0AF1F91CB3D41200862F06 /* PostCell.swift */; };
		AA0AF1FC1CB42B3E00862F06 /* Post.swift in Sources */ = {isa = PBXBuildFile; fileRef = AA0AF1FB1CB42B3E00862F06 /* Post.swift */; };
		AA179C331CB2991F00617F2E /* AppDelegate.swift in Sources */ = {isa = PBXBuildFile; fileRef = AA179C321CB2991F00617F2E /* AppDelegate.swift */; };
		AA179C351CB2991F00617F2E /* ViewController.swift in Sources */ = {isa = PBXBuildFile; fileRef = AA179C341CB2991F00617F2E /* ViewController.swift */; };
		AA179C381CB2991F00617F2E /* Main.storyboard in Resources */ = {isa = PBXBuildFile; fileRef = AA179C361CB2991F00617F2E /* Main.storyboard */; };
		AA179C3A1CB2991F00617F2E /* Assets.xcassets in Resources */ = {isa = PBXBuildFile; fileRef = AA179C391CB2991F00617F2E /* Assets.xcassets */; };
		AA179C3D1CB2991F00617F2E /* LaunchScreen.storyboard in Resources */ = {isa = PBXBuildFile; fileRef = AA179C3B1CB2991F00617F2E /* LaunchScreen.storyboard */; };
		AA179C4A1CB2A75B00617F2E /* MaterialView.swift in Sources */ = {isa = PBXBuildFile; fileRef = AA179C491CB2A75B00617F2E /* MaterialView.swift */; };
		AA179C4D1CB2A7F000617F2E /* Constants.swift in Sources */ = {isa = PBXBuildFile; fileRef = AA179C4C1CB2A7F000617F2E /* Constants.swift */; };
		AA179C4F1CB2AF5C00617F2E /* MaterialButton.swift in Sources */ = {isa = PBXBuildFile; fileRef = AA179C4E1CB2AF5C00617F2E /* MaterialButton.swift */; };
		AA179C511CB2B40B00617F2E /* MaterialTextField.swift in Sources */ = {isa = PBXBuildFile; fileRef = AA179C501CB2B40B00617F2E /* MaterialTextField.swift */; };
		AA21F6F91D017AAF00755653 /* LicenseVC.swift in Sources */ = {isa = PBXBuildFile; fileRef = AA21F6F81D017AAF00755653 /* LicenseVC.swift */; };
		AA2928A81CD350D300D1DE8C /* MaterialImage.swift in Sources */ = {isa = PBXBuildFile; fileRef = AA2928A71CD350D300D1DE8C /* MaterialImage.swift */; };
		AA2928AA1CD361E300D1DE8C /* PasswordVC.swift in Sources */ = {isa = PBXBuildFile; fileRef = AA2928A91CD361E300D1DE8C /* PasswordVC.swift */; };
		AAA626D11CB2EB3200B39C0E /* DataService.swift in Sources */ = {isa = PBXBuildFile; fileRef = AAA626D01CB2EB3200B39C0E /* DataService.swift */; };
		AAA9C1C51CFA47260030AAC8 /* FBSDKCoreKit.framework in Frameworks */ = {isa = PBXBuildFile; fileRef = AAA9C1C41CFA47260030AAC8 /* FBSDKCoreKit.framework */; };
		AAA9C1C71CFA47330030AAC8 /* FBSDKLoginKit.framework in Frameworks */ = {isa = PBXBuildFile; fileRef = AAA9C1C61CFA47330030AAC8 /* FBSDKLoginKit.framework */; };
		AAA9C1C91CFA47480030AAC8 /* Bolts.framework in Frameworks */ = {isa = PBXBuildFile; fileRef = AAA9C1C81CFA47480030AAC8 /* Bolts.framework */; };
		AAC5E2C01CFA0AB2001579D9 /* GoogleService-Info.plist in Resources */ = {isa = PBXBuildFile; fileRef = AAC5E2BF1CFA0AB2001579D9 /* GoogleService-Info.plist */; };
		AAC7A5B11CC6BD2F0069B836 /* UserVC.swift in Sources */ = {isa = PBXBuildFile; fileRef = AAC7A5B01CC6BD2F0069B836 /* UserVC.swift */; };
		AAF830191CDCDFE3002381AE /* MapVC.swift in Sources */ = {isa = PBXBuildFile; fileRef = AAF830181CDCDFE3002381AE /* MapVC.swift */; };
/* End PBXBuildFile section */

/* Begin PBXFileReference section */
		58C6166C91F544EB6C0D0C0C /* Pods-going-local.debug.xcconfig */ = {isa = PBXFileReference; includeInIndex = 1; lastKnownFileType = text.xcconfig; name = "Pods-going-local.debug.xcconfig"; path = "Pods/Target Support Files/Pods-going-local/Pods-going-local.debug.xcconfig"; sourceTree = "<group>"; };
		84777B231CB308CC4DE4C9FC /* Pods-going-local.release.xcconfig */ = {isa = PBXFileReference; includeInIndex = 1; lastKnownFileType = text.xcconfig; name = "Pods-going-local.release.xcconfig"; path = "Pods/Target Support Files/Pods-going-local/Pods-going-local.release.xcconfig"; sourceTree = "<group>"; };
		AA0AF1F71CB3D37A00862F06 /* FeedVC.swift */ = {isa = PBXFileReference; fileEncoding = 4; lastKnownFileType = sourcecode.swift; path = FeedVC.swift; sourceTree = "<group>"; };
		AA0AF1F91CB3D41200862F06 /* PostCell.swift */ = {isa = PBXFileReference; fileEncoding = 4; lastKnownFileType = sourcecode.swift; path = PostCell.swift; sourceTree = "<group>"; };
		AA0AF1FB1CB42B3E00862F06 /* Post.swift */ = {isa = PBXFileReference; fileEncoding = 4; lastKnownFileType = sourcecode.swift; path = Post.swift; sourceTree = "<group>"; };
		AA179C2F1CB2991F00617F2E /* going-local.app */ = {isa = PBXFileReference; explicitFileType = wrapper.application; includeInIndex = 0; path = "going-local.app"; sourceTree = BUILT_PRODUCTS_DIR; };
		AA179C321CB2991F00617F2E /* AppDelegate.swift */ = {isa = PBXFileReference; lastKnownFileType = sourcecode.swift; path = AppDelegate.swift; sourceTree = "<group>"; };
		AA179C341CB2991F00617F2E /* ViewController.swift */ = {isa = PBXFileReference; lastKnownFileType = sourcecode.swift; path = ViewController.swift; sourceTree = "<group>"; };
		AA179C371CB2991F00617F2E /* Base */ = {isa = PBXFileReference; lastKnownFileType = file.storyboard; name = Base; path = Base.lproj/Main.storyboard; sourceTree = "<group>"; };
		AA179C391CB2991F00617F2E /* Assets.xcassets */ = {isa = PBXFileReference; lastKnownFileType = folder.assetcatalog; path = Assets.xcassets; sourceTree = "<group>"; };
		AA179C3C1CB2991F00617F2E /* Base */ = {isa = PBXFileReference; lastKnownFileType = file.storyboard; name = Base; path = Base.lproj/LaunchScreen.storyboard; sourceTree = "<group>"; };
		AA179C3E1CB2991F00617F2E /* Info.plist */ = {isa = PBXFileReference; lastKnownFileType = text.plist.xml; path = Info.plist; sourceTree = "<group>"; };
		AA179C491CB2A75B00617F2E /* MaterialView.swift */ = {isa = PBXFileReference; fileEncoding = 4; lastKnownFileType = sourcecode.swift; path = MaterialView.swift; sourceTree = "<group>"; };
		AA179C4C1CB2A7F000617F2E /* Constants.swift */ = {isa = PBXFileReference; fileEncoding = 4; lastKnownFileType = sourcecode.swift; path = Constants.swift; sourceTree = "<group>"; };
		AA179C4E1CB2AF5C00617F2E /* MaterialButton.swift */ = {isa = PBXFileReference; fileEncoding = 4; lastKnownFileType = sourcecode.swift; path = MaterialButton.swift; sourceTree = "<group>"; };
		AA179C501CB2B40B00617F2E /* MaterialTextField.swift */ = {isa = PBXFileReference; fileEncoding = 4; lastKnownFileType = sourcecode.swift; path = MaterialTextField.swift; sourceTree = "<group>"; };
		AA21F6F81D017AAF00755653 /* LicenseVC.swift */ = {isa = PBXFileReference; fileEncoding = 4; lastKnownFileType = sourcecode.swift; path = LicenseVC.swift; sourceTree = "<group>"; };
		AA2928A71CD350D300D1DE8C /* MaterialImage.swift */ = {isa = PBXFileReference; fileEncoding = 4; lastKnownFileType = sourcecode.swift; path = MaterialImage.swift; sourceTree = "<group>"; };
		AA2928A91CD361E300D1DE8C /* PasswordVC.swift */ = {isa = PBXFileReference; fileEncoding = 4; lastKnownFileType = sourcecode.swift; path = PasswordVC.swift; sourceTree = "<group>"; };
		AAA626D01CB2EB3200B39C0E /* DataService.swift */ = {isa = PBXFileReference; fileEncoding = 4; lastKnownFileType = sourcecode.swift; path = DataService.swift; sourceTree = "<group>"; };
		AAA9C1C41CFA47260030AAC8 /* FBSDKCoreKit.framework */ = {isa = PBXFileReference; lastKnownFileType = wrapper.framework; path = FBSDKCoreKit.framework; sourceTree = "<group>"; };
		AAA9C1C61CFA47330030AAC8 /* FBSDKLoginKit.framework */ = {isa = PBXFileReference; lastKnownFileType = wrapper.framework; path = FBSDKLoginKit.framework; sourceTree = "<group>"; };
		AAA9C1C81CFA47480030AAC8 /* Bolts.framework */ = {isa = PBXFileReference; lastKnownFileType = wrapper.framework; path = Bolts.framework; sourceTree = "<group>"; };
		AABE15921CFA3D30002A4695 /* CFNetwork.framework */ = {isa = PBXFileReference; lastKnownFileType = wrapper.framework; name = CFNetwork.framework; path = System/Library/Frameworks/CFNetwork.framework; sourceTree = SDKROOT; };
		AABE15941CFA3D3A002A4695 /* Security.framework */ = {isa = PBXFileReference; lastKnownFileType = wrapper.framework; name = Security.framework; path = System/Library/Frameworks/Security.framework; sourceTree = SDKROOT; };
		AABE15961CFA3D45002A4695 /* SystemConfiguration.framework */ = {isa = PBXFileReference; lastKnownFileType = wrapper.framework; name = SystemConfiguration.framework; path = System/Library/Frameworks/SystemConfiguration.framework; sourceTree = SDKROOT; };
		AABE15981CFA3D56002A4695 /* libc++.tbd */ = {isa = PBXFileReference; lastKnownFileType = "sourcecode.text-based-dylib-definition"; name = "libc++.tbd"; path = "usr/lib/libc++.tbd"; sourceTree = SDKROOT; };
		AABE159A1CFA3D62002A4695 /* libicucore.tbd */ = {isa = PBXFileReference; lastKnownFileType = "sourcecode.text-based-dylib-definition"; name = libicucore.tbd; path = usr/lib/libicucore.tbd; sourceTree = SDKROOT; };
		AAC5E2BF1CFA0AB2001579D9 /* GoogleService-Info.plist */ = {isa = PBXFileReference; fileEncoding = 4; lastKnownFileType = text.plist.xml; path = "GoogleService-Info.plist"; sourceTree = "<group>"; };
		AAC7A5B01CC6BD2F0069B836 /* UserVC.swift */ = {isa = PBXFileReference; fileEncoding = 4; lastKnownFileType = sourcecode.swift; path = UserVC.swift; sourceTree = "<group>"; };
		AAF830181CDCDFE3002381AE /* MapVC.swift */ = {isa = PBXFileReference; fileEncoding = 4; lastKnownFileType = sourcecode.swift; path = MapVC.swift; sourceTree = "<group>"; };
		D04F15AB12A4F784F167A7E0 /* Pods_going_local.framework */ = {isa = PBXFileReference; explicitFileType = wrapper.framework; includeInIndex = 0; path = Pods_going_local.framework; sourceTree = BUILT_PRODUCTS_DIR; };
/* End PBXFileReference section */

/* Begin PBXFrameworksBuildPhase section */
		AA179C2C1CB2991F00617F2E /* Frameworks */ = {
			isa = PBXFrameworksBuildPhase;
			buildActionMask = 2147483647;
			files = (
				AAA9C1C51CFA47260030AAC8 /* FBSDKCoreKit.framework in Frameworks */,
				AAA9C1C71CFA47330030AAC8 /* FBSDKLoginKit.framework in Frameworks */,
				94190C5BDC1A63E61F3F4055 /* Pods_going_local.framework in Frameworks */,
				AAA9C1C91CFA47480030AAC8 /* Bolts.framework in Frameworks */,
			);
			runOnlyForDeploymentPostprocessing = 0;
		};
/* End PBXFrameworksBuildPhase section */

/* Begin PBXGroup section */
		0A8AA450507C1AF2E6876345 /* Frameworks */ = {
			isa = PBXGroup;
			children = (
				AABE159A1CFA3D62002A4695 /* libicucore.tbd */,
				AABE15981CFA3D56002A4695 /* libc++.tbd */,
				AABE15961CFA3D45002A4695 /* SystemConfiguration.framework */,
				AABE15941CFA3D3A002A4695 /* Security.framework */,
				AABE15921CFA3D30002A4695 /* CFNetwork.framework */,
				D04F15AB12A4F784F167A7E0 /* Pods_going_local.framework */,
			);
			name = Frameworks;
			sourceTree = "<group>";
		};
		1FA74856300BF05E27AD21CD /* Pods */ = {
			isa = PBXGroup;
			children = (
				58C6166C91F544EB6C0D0C0C /* Pods-going-local.debug.xcconfig */,
				84777B231CB308CC4DE4C9FC /* Pods-going-local.release.xcconfig */,
			);
			name = Pods;
			sourceTree = "<group>";
		};
		AA179C261CB2991F00617F2E = {
			isa = PBXGroup;
			children = (
				AAC5E2BF1CFA0AB2001579D9 /* GoogleService-Info.plist */,
				AA179C311CB2991F00617F2E /* going-local */,
				AA179C301CB2991F00617F2E /* Products */,
				1FA74856300BF05E27AD21CD /* Pods */,
				0A8AA450507C1AF2E6876345 /* Frameworks */,
			);
			sourceTree = "<group>";
		};
		AA179C301CB2991F00617F2E /* Products */ = {
			isa = PBXGroup;
			children = (
				AA179C2F1CB2991F00617F2E /* going-local.app */,
			);
			name = Products;
			sourceTree = "<group>";
		};
		AA179C311CB2991F00617F2E /* going-local */ = {
			isa = PBXGroup;
			children = (
				AAA626CF1CB2EB1700B39C0E /* Services */,
				AA179C461CB2994700617F2E /* Model */,
				AA179C451CB2994400617F2E /* View */,
				AA179C441CB2993E00617F2E /* Controller */,
				AA179C4B1CB2A7DB00617F2E /* Util */,
				AA179C321CB2991F00617F2E /* AppDelegate.swift */,
				AA179C391CB2991F00617F2E /* Assets.xcassets */,
				AA179C3E1CB2991F00617F2E /* Info.plist */,
				AA179C521CB2DB3C00617F2E /* Frameworks */,
			);
			path = "going-local";
			sourceTree = "<group>";
		};
		AA179C441CB2993E00617F2E /* Controller */ = {
			isa = PBXGroup;
			children = (
				AA179C341CB2991F00617F2E /* ViewController.swift */,
				AA0AF1F71CB3D37A00862F06 /* FeedVC.swift */,
				AAC7A5B01CC6BD2F0069B836 /* UserVC.swift */,
				AA2928A91CD361E300D1DE8C /* PasswordVC.swift */,
				AAF830181CDCDFE3002381AE /* MapVC.swift */,
				AA21F6F81D017AAF00755653 /* LicenseVC.swift */,
			);
			name = Controller;
			sourceTree = "<group>";
		};
		AA179C451CB2994400617F2E /* View */ = {
			isa = PBXGroup;
			children = (
				AA179C491CB2A75B00617F2E /* MaterialView.swift */,
				AA179C4E1CB2AF5C00617F2E /* MaterialButton.swift */,
				AA179C501CB2B40B00617F2E /* MaterialTextField.swift */,
				AA2928A71CD350D300D1DE8C /* MaterialImage.swift */,
				AA0AF1F91CB3D41200862F06 /* PostCell.swift */,
				AA179C361CB2991F00617F2E /* Main.storyboard */,
				AA179C3B1CB2991F00617F2E /* LaunchScreen.storyboard */,
			);
			name = View;
			sourceTree = "<group>";
		};
		AA179C461CB2994700617F2E /* Model */ = {
			isa = PBXGroup;
			children = (
				AA0AF1FB1CB42B3E00862F06 /* Post.swift */,
			);
			name = Model;
			sourceTree = "<group>";
		};
		AA179C4B1CB2A7DB00617F2E /* Util */ = {
			isa = PBXGroup;
			children = (
				AA179C4C1CB2A7F000617F2E /* Constants.swift */,
			);
			name = Util;
			sourceTree = "<group>";
		};
		AA179C521CB2DB3C00617F2E /* Frameworks */ = {
			isa = PBXGroup;
			children = (
				AAA9C1C81CFA47480030AAC8 /* Bolts.framework */,
				AAA9C1C61CFA47330030AAC8 /* FBSDKLoginKit.framework */,
				AAA9C1C41CFA47260030AAC8 /* FBSDKCoreKit.framework */,
			);
			name = Frameworks;
			sourceTree = "<group>";
		};
		AAA626CF1CB2EB1700B39C0E /* Services */ = {
			isa = PBXGroup;
			children = (
				AAA626D01CB2EB3200B39C0E /* DataService.swift */,
			);
			name = Services;
			sourceTree = "<group>";
		};
/* End PBXGroup section */

/* Begin PBXNativeTarget section */
		AA179C2E1CB2991F00617F2E /* going-local */ = {
			isa = PBXNativeTarget;
			buildConfigurationList = AA179C411CB2991F00617F2E /* Build configuration list for PBXNativeTarget "going-local" */;
			buildPhases = (
				2D5DCD92338057839666B297 /* 📦 Check Pods Manifest.lock */,
				AA179C2B1CB2991F00617F2E /* Sources */,
				AA179C2C1CB2991F00617F2E /* Frameworks */,
				AA179C2D1CB2991F00617F2E /* Resources */,
				0C1AAD396E83572224394719 /* 📦 Embed Pods Frameworks */,
				A7A6D83021FCCAB548E4B8F4 /* 📦 Copy Pods Resources */,
			);
			buildRules = (
			);
			dependencies = (
			);
			name = "going-local";
			productName = "going-local";
			productReference = AA179C2F1CB2991F00617F2E /* going-local.app */;
			productType = "com.apple.product-type.application";
		};
/* End PBXNativeTarget section */

/* Begin PBXProject section */
		AA179C271CB2991F00617F2E /* Project object */ = {
			isa = PBXProject;
			attributes = {
				LastSwiftUpdateCheck = 0730;
				LastUpgradeCheck = 0730;
				ORGANIZATIONNAME = "Gary Grape Productions";
				TargetAttributes = {
					AA179C2E1CB2991F00617F2E = {
						CreatedOnToolsVersion = 7.3;
						DevelopmentTeam = 6M7C6U48HK;
					};
				};
			};
			buildConfigurationList = AA179C2A1CB2991F00617F2E /* Build configuration list for PBXProject "going-local" */;
			compatibilityVersion = "Xcode 3.2";
			developmentRegion = English;
			hasScannedForEncodings = 0;
			knownRegions = (
				en,
				Base,
			);
			mainGroup = AA179C261CB2991F00617F2E;
			productRefGroup = AA179C301CB2991F00617F2E /* Products */;
			projectDirPath = "";
			projectRoot = "";
			targets = (
				AA179C2E1CB2991F00617F2E /* going-local */,
			);
		};
/* End PBXProject section */

/* Begin PBXResourcesBuildPhase section */
		AA179C2D1CB2991F00617F2E /* Resources */ = {
			isa = PBXResourcesBuildPhase;
			buildActionMask = 2147483647;
			files = (
				AA179C3D1CB2991F00617F2E /* LaunchScreen.storyboard in Resources */,
				AAC5E2C01CFA0AB2001579D9 /* GoogleService-Info.plist in Resources */,
				AA179C3A1CB2991F00617F2E /* Assets.xcassets in Resources */,
				AA179C381CB2991F00617F2E /* Main.storyboard in Resources */,
			);
			runOnlyForDeploymentPostprocessing = 0;
		};
/* End PBXResourcesBuildPhase section */

/* Begin PBXShellScriptBuildPhase section */
		0C1AAD396E83572224394719 /* 📦 Embed Pods Frameworks */ = {
			isa = PBXShellScriptBuildPhase;
			buildActionMask = 2147483647;
			files = (
			);
			inputPaths = (
			);
			name = "📦 Embed Pods Frameworks";
			outputPaths = (
			);
			runOnlyForDeploymentPostprocessing = 0;
			shellPath = /bin/sh;
			shellScript = "\"${SRCROOT}/Pods/Target Support Files/Pods-going-local/Pods-going-local-frameworks.sh\"\n";
			showEnvVarsInLog = 0;
		};
		2D5DCD92338057839666B297 /* 📦 Check Pods Manifest.lock */ = {
			isa = PBXShellScriptBuildPhase;
			buildActionMask = 2147483647;
			files = (
			);
			inputPaths = (
			);
			name = "📦 Check Pods Manifest.lock";
			outputPaths = (
			);
			runOnlyForDeploymentPostprocessing = 0;
			shellPath = /bin/sh;
			shellScript = "diff \"${PODS_ROOT}/../Podfile.lock\" \"${PODS_ROOT}/Manifest.lock\" > /dev/null\nif [[ $? != 0 ]] ; then\n    cat << EOM\nerror: The sandbox is not in sync with the Podfile.lock. Run 'pod install' or update your CocoaPods installation.\nEOM\n    exit 1\nfi\n";
			showEnvVarsInLog = 0;
		};
		A7A6D83021FCCAB548E4B8F4 /* 📦 Copy Pods Resources */ = {
			isa = PBXShellScriptBuildPhase;
			buildActionMask = 2147483647;
			files = (
			);
			inputPaths = (
			);
			name = "📦 Copy Pods Resources";
			outputPaths = (
			);
			runOnlyForDeploymentPostprocessing = 0;
			shellPath = /bin/sh;
			shellScript = "\"${SRCROOT}/Pods/Target Support Files/Pods-going-local/Pods-going-local-resources.sh\"\n";
			showEnvVarsInLog = 0;
		};
/* End PBXShellScriptBuildPhase section */

/* Begin PBXSourcesBuildPhase section */
		AA179C2B1CB2991F00617F2E /* Sources */ = {
			isa = PBXSourcesBuildPhase;
			buildActionMask = 2147483647;
			files = (
				AA2928A81CD350D300D1DE8C /* MaterialImage.swift in Sources */,
				AA179C511CB2B40B00617F2E /* MaterialTextField.swift in Sources */,
				AAA626D11CB2EB3200B39C0E /* DataService.swift in Sources */,
				AAC7A5B11CC6BD2F0069B836 /* UserVC.swift in Sources */,
				AA179C4A1CB2A75B00617F2E /* MaterialView.swift in Sources */,
				AA179C351CB2991F00617F2E /* ViewController.swift in Sources */,
				AA2928AA1CD361E300D1DE8C /* PasswordVC.swift in Sources */,
				AA0AF1F81CB3D37A00862F06 /* FeedVC.swift in Sources */,
				AA21F6F91D017AAF00755653 /* LicenseVC.swift in Sources */,
				AA0AF1FA1CB3D41200862F06 /* PostCell.swift in Sources */,
				AA179C331CB2991F00617F2E /* AppDelegate.swift in Sources */,
				AA179C4D1CB2A7F000617F2E /* Constants.swift in Sources */,
				AAF830191CDCDFE3002381AE /* MapVC.swift in Sources */,
				AA179C4F1CB2AF5C00617F2E /* MaterialButton.swift in Sources */,
				AA0AF1FC1CB42B3E00862F06 /* Post.swift in Sources */,
			);
			runOnlyForDeploymentPostprocessing = 0;
		};
/* End PBXSourcesBuildPhase section */

/* Begin PBXVariantGroup section */
		AA179C361CB2991F00617F2E /* Main.storyboard */ = {
			isa = PBXVariantGroup;
			children = (
				AA179C371CB2991F00617F2E /* Base */,
			);
			name = Main.storyboard;
			sourceTree = "<group>";
		};
		AA179C3B1CB2991F00617F2E /* LaunchScreen.storyboard */ = {
			isa = PBXVariantGroup;
			children = (
				AA179C3C1CB2991F00617F2E /* Base */,
			);
			name = LaunchScreen.storyboard;
			sourceTree = "<group>";
		};
/* End PBXVariantGroup section */

/* Begin XCBuildConfiguration section */
		AA179C3F1CB2991F00617F2E /* Debug */ = {
			isa = XCBuildConfiguration;
			buildSettings = {
				ALWAYS_SEARCH_USER_PATHS = NO;
				CLANG_ANALYZER_NONNULL = YES;
				CLANG_CXX_LANGUAGE_STANDARD = "gnu++0x";
				CLANG_CXX_LIBRARY = "libc++";
				CLANG_ENABLE_MODULES = YES;
				CLANG_ENABLE_OBJC_ARC = YES;
				CLANG_WARN_BOOL_CONVERSION = YES;
				CLANG_WARN_CONSTANT_CONVERSION = YES;
				CLANG_WARN_DIRECT_OBJC_ISA_USAGE = YES_ERROR;
				CLANG_WARN_EMPTY_BODY = YES;
				CLANG_WARN_ENUM_CONVERSION = YES;
				CLANG_WARN_INT_CONVERSION = YES;
				CLANG_WARN_OBJC_ROOT_CLASS = YES_ERROR;
				CLANG_WARN_UNREACHABLE_CODE = YES;
				CLANG_WARN__DUPLICATE_METHOD_MATCH = YES;
				"CODE_SIGN_IDENTITY[sdk=iphoneos*]" = "iPhone Developer";
				COPY_PHASE_STRIP = NO;
				DEBUG_INFORMATION_FORMAT = dwarf;
				ENABLE_BITCODE = YES;
				ENABLE_STRICT_OBJC_MSGSEND = YES;
				ENABLE_TESTABILITY = YES;
				GCC_C_LANGUAGE_STANDARD = gnu99;
				GCC_DYNAMIC_NO_PIC = NO;
				GCC_NO_COMMON_BLOCKS = YES;
				GCC_OPTIMIZATION_LEVEL = 0;
				GCC_PREPROCESSOR_DEFINITIONS = (
					"DEBUG=1",
					"$(inherited)",
				);
				GCC_WARN_64_TO_32_BIT_CONVERSION = YES;
				GCC_WARN_ABOUT_RETURN_TYPE = YES_ERROR;
				GCC_WARN_UNDECLARED_SELECTOR = YES;
				GCC_WARN_UNINITIALIZED_AUTOS = YES_AGGRESSIVE;
				GCC_WARN_UNUSED_FUNCTION = YES;
				GCC_WARN_UNUSED_VARIABLE = YES;
				IPHONEOS_DEPLOYMENT_TARGET = 9.3;
				MTL_ENABLE_DEBUG_INFO = YES;
				ONLY_ACTIVE_ARCH = YES;
				SDKROOT = iphoneos;
				SWIFT_OPTIMIZATION_LEVEL = "-Onone";
				TARGETED_DEVICE_FAMILY = "1,2";
			};
			name = Debug;
		};
		AA179C401CB2991F00617F2E /* Release */ = {
			isa = XCBuildConfiguration;
			buildSettings = {
				ALWAYS_SEARCH_USER_PATHS = NO;
				CLANG_ANALYZER_NONNULL = YES;
				CLANG_CXX_LANGUAGE_STANDARD = "gnu++0x";
				CLANG_CXX_LIBRARY = "libc++";
				CLANG_ENABLE_MODULES = YES;
				CLANG_ENABLE_OBJC_ARC = YES;
				CLANG_WARN_BOOL_CONVERSION = YES;
				CLANG_WARN_CONSTANT_CONVERSION = YES;
				CLANG_WARN_DIRECT_OBJC_ISA_USAGE = YES_ERROR;
				CLANG_WARN_EMPTY_BODY = YES;
				CLANG_WARN_ENUM_CONVERSION = YES;
				CLANG_WARN_INT_CONVERSION = YES;
				CLANG_WARN_OBJC_ROOT_CLASS = YES_ERROR;
				CLANG_WARN_UNREACHABLE_CODE = YES;
				CLANG_WARN__DUPLICATE_METHOD_MATCH = YES;
				"CODE_SIGN_IDENTITY[sdk=iphoneos*]" = "iPhone Developer";
				COPY_PHASE_STRIP = NO;
				DEBUG_INFORMATION_FORMAT = "dwarf-with-dsym";
				ENABLE_BITCODE = YES;
				ENABLE_NS_ASSERTIONS = NO;
				ENABLE_STRICT_OBJC_MSGSEND = YES;
				GCC_C_LANGUAGE_STANDARD = gnu99;
				GCC_NO_COMMON_BLOCKS = YES;
				GCC_WARN_64_TO_32_BIT_CONVERSION = YES;
				GCC_WARN_ABOUT_RETURN_TYPE = YES_ERROR;
				GCC_WARN_UNDECLARED_SELECTOR = YES;
				GCC_WARN_UNINITIALIZED_AUTOS = YES_AGGRESSIVE;
				GCC_WARN_UNUSED_FUNCTION = YES;
				GCC_WARN_UNUSED_VARIABLE = YES;
				IPHONEOS_DEPLOYMENT_TARGET = 9.3;
				MTL_ENABLE_DEBUG_INFO = NO;
				SDKROOT = iphoneos;
				TARGETED_DEVICE_FAMILY = "1,2";
				VALIDATE_PRODUCT = YES;
			};
			name = Release;
		};
		AA179C421CB2991F00617F2E /* Debug */ = {
			isa = XCBuildConfiguration;
			baseConfigurationReference = 58C6166C91F544EB6C0D0C0C /* Pods-going-local.debug.xcconfig */;
			buildSettings = {
				ASSETCATALOG_COMPILER_APPICON_NAME = AppIcon;
				CODE_SIGN_IDENTITY = "iPhone Distribution: Gary Grape (6M7C6U48HK)";
				"CODE_SIGN_IDENTITY[sdk=iphoneos*]" = "iPhone Distribution: Gary Grape (6M7C6U48HK)";
				ENABLE_BITCODE = YES;
				FRAMEWORK_SEARCH_PATHS = (
					"$(inherited)",
					"$(PROJECT_DIR)/going-local",
				);
				HEADER_SEARCH_PATHS = "$(inherited)";
				INFOPLIST_FILE = "going-local/Info.plist";
				IPHONEOS_DEPLOYMENT_TARGET = 9.3;
				LD_RUNPATH_SEARCH_PATHS = "$(inherited) @executable_path/Frameworks";
				LIBRARY_SEARCH_PATHS = "$(inherited)";
				ONLY_ACTIVE_ARCH = YES;
				OTHER_LDFLAGS = "$(inherited)";
				PRODUCT_BUNDLE_IDENTIFIER = io.didevanberkel.goinglocal;
				PRODUCT_NAME = "$(TARGET_NAME)";
				PROVISIONING_PROFILE = "8478d91c-457d-4490-bce7-ebb5b68dd311";
				TARGETED_DEVICE_FAMILY = "1,2";
				VALID_ARCHS = "arm64 armv7 armv7s";
			};
			name = Debug;
		};
		AA179C431CB2991F00617F2E /* Release */ = {
			isa = XCBuildConfiguration;
			baseConfigurationReference = 84777B231CB308CC4DE4C9FC /* Pods-going-local.release.xcconfig */;
			buildSettings = {
				ASSETCATALOG_COMPILER_APPICON_NAME = AppIcon;
				CODE_SIGN_IDENTITY = "iPhone Distribution: Gary Grape (6M7C6U48HK)";
				"CODE_SIGN_IDENTITY[sdk=iphoneos*]" = "iPhone Distribution: Gary Grape (6M7C6U48HK)";
				ENABLE_BITCODE = YES;
				FRAMEWORK_SEARCH_PATHS = (
					"$(inherited)",
					"$(PROJECT_DIR)/going-local",
				);
				HEADER_SEARCH_PATHS = "$(inherited)";
				INFOPLIST_FILE = "going-local/Info.plist";
				IPHONEOS_DEPLOYMENT_TARGET = 9.3;
				LD_RUNPATH_SEARCH_PATHS = "$(inherited) @executable_path/Frameworks";
				LIBRARY_SEARCH_PATHS = "$(inherited)";
				ONLY_ACTIVE_ARCH = NO;
				OTHER_LDFLAGS = "$(inherited)";
				PRODUCT_BUNDLE_IDENTIFIER = io.didevanberkel.goinglocal;
				PRODUCT_NAME = "$(TARGET_NAME)";
				PROVISIONING_PROFILE = "8478d91c-457d-4490-bce7-ebb5b68dd311";
				TARGETED_DEVICE_FAMILY = "1,2";
				VALID_ARCHS = "arm64 armv7 armv7s";
			};
			name = Release;
		};
/* End XCBuildConfiguration section */

/* Begin XCConfigurationList section */
		AA179C2A1CB2991F00617F2E /* Build configuration list for PBXProject "going-local" */ = {
			isa = XCConfigurationList;
			buildConfigurations = (
				AA179C3F1CB2991F00617F2E /* Debug */,
				AA179C401CB2991F00617F2E /* Release */,
			);
			defaultConfigurationIsVisible = 0;
			defaultConfigurationName = Release;
		};
		AA179C411CB2991F00617F2E /* Build configuration list for PBXNativeTarget "going-local" */ = {
			isa = XCConfigurationList;
			buildConfigurations = (
				AA179C421CB2991F00617F2E /* Debug */,
				AA179C431CB2991F00617F2E /* Release */,
			);
			defaultConfigurationIsVisible = 0;
			defaultConfigurationName = Release;
		};
/* End XCConfigurationList section */
	};
	rootObject = AA179C271CB2991F00617F2E /* Project object */;
}
